
Microsoft Visual Studio Solution File, Format Version 12.00
# Visual Studio 2012
Project("{FAE04EC0-301F-11D3-BF4B-00C04F79EFBC}") = "SneakerPeeker.Mobile.iOS", "SneakerPeeker.Mobile.iOS\SneakerPeeker.Mobile.iOS.csproj", "{3952160D-F666-46E9-ADAA-267B8470617A}"
EndProject
Project("{FAE04EC0-301F-11D3-BF4B-00C04F79EFBC}") = "SneakerPeeker.Mobile.Android", "SneakerPeeker.Mobile.Android\SneakerPeeker.Mobile.Android.csproj", "{E15FD87A-3614-45FE-B483-4AAB21F707FB}"
EndProject
Project("{FAE04EC0-301F-11D3-BF4B-00C04F79EFBC}") = "SneakerPeeker.Mobile", "SneakerPeeker.Mobile\SneakerPeeker.Mobile.csproj", "{B6920659-1DED-46EA-AAA1-C74BF173A3D4}"
EndProject
Project("{FAE04EC0-301F-11D3-BF4B-00C04F79EFBC}") = "SneakerPeeker", "SneakerPeeker\SneakerPeeker.csproj", "{F1CC6D7C-DDEE-4655-B69B-D9B4E1F9F394}"
EndProject
Global
	GlobalSection(SolutionConfigurationPlatforms) = preSolution
		Debug|iPhoneSimulator = Debug|iPhoneSimulator
		Release|iPhone = Release|iPhone
		Release|iPhoneSimulator = Release|iPhoneSimulator
		Debug|iPhone = Debug|iPhone
		Debug|Any CPU = Debug|Any CPU
		Release|Any CPU = Release|Any CPU
	EndGlobalSection
	GlobalSection(ProjectConfigurationPlatforms) = postSolution
		{3952160D-F666-46E9-ADAA-267B8470617A}.Debug|iPhoneSimulator.ActiveCfg = Debug|iPhoneSimulator
		{3952160D-F666-46E9-ADAA-267B8470617A}.Debug|iPhoneSimulator.Build.0 = Debug|iPhoneSimulator
		{3952160D-F666-46E9-ADAA-267B8470617A}.Release|iPhone.ActiveCfg = Release|iPhone
		{3952160D-F666-46E9-ADAA-267B8470617A}.Release|iPhone.Build.0 = Release|iPhone
		{3952160D-F666-46E9-ADAA-267B8470617A}.Release|iPhoneSimulator.ActiveCfg = Release|iPhoneSimulator
		{3952160D-F666-46E9-ADAA-267B8470617A}.Release|iPhoneSimulator.Build.0 = Release|iPhoneSimulator
		{3952160D-F666-46E9-ADAA-267B8470617A}.Debug|iPhone.ActiveCfg = Debug|iPhone
		{3952160D-F666-46E9-ADAA-267B8470617A}.Debug|iPhone.Build.0 = Debug|iPhone
		{3952160D-F666-46E9-ADAA-267B8470617A}.Debug|Any CPU.ActiveCfg = Debug|iPhoneSimulator
		{3952160D-F666-46E9-ADAA-267B8470617A}.Debug|Any CPU.Build.0 = Debug|iPhoneSimulator
		{3952160D-F666-46E9-ADAA-267B8470617A}.Release|Any CPU.ActiveCfg = Release|iPhone
		{3952160D-F666-46E9-ADAA-267B8470617A}.Release|Any CPU.Build.0 = Release|iPhone
		{E15FD87A-3614-45FE-B483-4AAB21F707FB}.Debug|iPhoneSimulator.ActiveCfg = Debug|Any CPU
		{E15FD87A-3614-45FE-B483-4AAB21F707FB}.Debug|iPhoneSimulator.Build.0 = Debug|Any CPU
		{E15FD87A-3614-45FE-B483-4AAB21F707FB}.Release|iPhone.ActiveCfg = Release|Any CPU
		{E15FD87A-3614-45FE-B483-4AAB21F707FB}.Release|iPhone.Build.0 = Release|Any CPU
		{E15FD87A-3614-45FE-B483-4AAB21F707FB}.Release|iPhoneSimulator.ActiveCfg = Release|Any CPU
		{E15FD87A-3614-45FE-B483-4AAB21F707FB}.Release|iPhoneSimulator.Build.0 = Release|Any CPU
		{E15FD87A-3614-45FE-B483-4AAB21F707FB}.Debug|iPhone.ActiveCfg = Debug|Any CPU
		{E15FD87A-3614-45FE-B483-4AAB21F707FB}.Debug|iPhone.Build.0 = Debug|Any CPU
		{E15FD87A-3614-45FE-B483-4AAB21F707FB}.Debug|Any CPU.ActiveCfg = Debug|Any CPU
		{E15FD87A-3614-45FE-B483-4AAB21F707FB}.Debug|Any CPU.Build.0 = Debug|Any CPU
		{E15FD87A-3614-45FE-B483-4AAB21F707FB}.Release|Any CPU.ActiveCfg = Release|Any CPU
		{E15FD87A-3614-45FE-B483-4AAB21F707FB}.Release|Any CPU.Build.0 = Release|Any CPU
		{B6920659-1DED-46EA-AAA1-C74BF173A3D4}.Debug|iPhoneSimulator.ActiveCfg = Debug|Any CPU
		{B6920659-1DED-46EA-AAA1-C74BF173A3D4}.Debug|iPhoneSimulator.Build.0 = Debug|Any CPU
		{B6920659-1DED-46EA-AAA1-C74BF173A3D4}.Release|iPhone.ActiveCfg = Release|Any CPU
		{B6920659-1DED-46EA-AAA1-C74BF173A3D4}.Release|iPhone.Build.0 = Release|Any CPU
		{B6920659-1DED-46EA-AAA1-C74BF173A3D4}.Release|iPhoneSimulator.ActiveCfg = Release|Any CPU
		{B6920659-1DED-46EA-AAA1-C74BF173A3D4}.Release|iPhoneSimulator.Build.0 = Release|Any CPU
		{B6920659-1DED-46EA-AAA1-C74BF173A3D4}.Debug|iPhone.ActiveCfg = Debug|Any CPU
		{B6920659-1DED-46EA-AAA1-C74BF173A3D4}.Debug|iPhone.Build.0 = Debug|Any CPU
		{B6920659-1DED-46EA-AAA1-C74BF173A3D4}.Debug|Any CPU.ActiveCfg = Debug|Any CPU
		{B6920659-1DED-46EA-AAA1-C74BF173A3D4}.Debug|Any CPU.Build.0 = Debug|Any CPU
		{B6920659-1DED-46EA-AAA1-C74BF173A3D4}.Release|Any CPU.ActiveCfg = Release|Any CPU
		{B6920659-1DED-46EA-AAA1-C74BF173A3D4}.Release|Any CPU.Build.0 = Release|Any CPU
		{F1CC6D7C-DDEE-4655-B69B-D9B4E1F9F394}.Debug|iPhoneSimulator.ActiveCfg = Debug|Any CPU
		{F1CC6D7C-DDEE-4655-B69B-D9B4E1F9F394}.Debug|iPhoneSimulator.Build.0 = Debug|Any CPU
		{F1CC6D7C-DDEE-4655-B69B-D9B4E1F9F394}.Release|iPhone.ActiveCfg = Release|Any CPU
		{F1CC6D7C-DDEE-4655-B69B-D9B4E1F9F394}.Release|iPhone.Build.0 = Release|Any CPU
		{F1CC6D7C-DDEE-4655-B69B-D9B4E1F9F394}.Release|iPhoneSimulator.ActiveCfg = Release|Any CPU
		{F1CC6D7C-DDEE-4655-B69B-D9B4E1F9F394}.Release|iPhoneSimulator.Build.0 = Release|Any CPU
		{F1CC6D7C-DDEE-4655-B69B-D9B4E1F9F394}.Debug|iPhone.ActiveCfg = Debug|Any CPU
		{F1CC6D7C-DDEE-4655-B69B-D9B4E1F9F394}.Debug|iPhone.Build.0 = Debug|Any CPU
		{F1CC6D7C-DDEE-4655-B69B-D9B4E1F9F394}.Debug|Any CPU.ActiveCfg = Debug|Any CPU
		{F1CC6D7C-DDEE-4655-B69B-D9B4E1F9F394}.Debug|Any CPU.Build.0 = Debug|Any CPU
		{F1CC6D7C-DDEE-4655-B69B-D9B4E1F9F394}.Release|Any CPU.ActiveCfg = Release|Any CPU
		{F1CC6D7C-DDEE-4655-B69B-D9B4E1F9F394}.Release|Any CPU.Build.0 = Release|Any CPU
	EndGlobalSection
EndGlobal
